// !$*UTF8*$!
{
	archiveVersion = 1;
	classes = {
	};
	objectVersion = 77;
	objects = {

/* Begin PBXBuildFile section */
		14AB45B42D912FCC00AEF07C /* AppDelegate.swift in Sources */ = {isa = PBXBuildFile; fileRef = 14AB45A92D912FCC00AEF07C /* AppDelegate.swift */; };
		14AB45B52D912FCC00AEF07C /* SceneDelegate.swift in Sources */ = {isa = PBXBuildFile; fileRef = 14AB45B12D912FCC00AEF07C /* SceneDelegate.swift */; };
		14AB45B62D912FCC00AEF07C /* ViewController.swift in Sources */ = {isa = PBXBuildFile; fileRef = 14AB45B22D912FCC00AEF07C /* ViewController.swift */; };
		14AB45B72D912FCC00AEF07C /* Assets.xcassets in Resources */ = {isa = PBXBuildFile; fileRef = 14AB45AA2D912FCC00AEF07C /* Assets.xcassets */; };
		14AB45B82D912FCC00AEF07C /* data.json in Resources */ = {isa = PBXBuildFile; fileRef = 14AB45AB2D912FCC00AEF07C /* data.json */; };
		14AB45BA2D912FCC00AEF07C /* LaunchScreen.storyboard in Resources */ = {isa = PBXBuildFile; fileRef = 14AB45AE2D912FCC00AEF07C /* LaunchScreen.storyboard */; };
		14AB45BE2D91385A00AEF07C /* SnapKit in Frameworks */ = {isa = PBXBuildFile; productRef = 14AB45BD2D91385A00AEF07C /* SnapKit */; };
		14AB45C02D9140EF00AEF07C /* DataService.swift in Sources */ = {isa = PBXBuildFile; fileRef = 14AB45BF2D9140EF00AEF07C /* DataService.swift */; };
		14AB45C22D91427B00AEF07C /* Response.swift in Sources */ = {isa = PBXBuildFile; fileRef = 14AB45C12D91427B00AEF07C /* Response.swift */; };
		14AB45C42D91428A00AEF07C /* Error.swift in Sources */ = {isa = PBXBuildFile; fileRef = 14AB45C32D91428A00AEF07C /* Error.swift */; };
		14AB45CC2D93EEED00AEF07C /* Constants.swift in Sources */ = {isa = PBXBuildFile; fileRef = 14AB45CB2D93EEED00AEF07C /* Constants.swift */; };
		14AB45D92D953B7900AEF07C /* SeriesButton.swift in Sources */ = {isa = PBXBuildFile; fileRef = 14AB45D82D953B7900AEF07C /* SeriesButton.swift */; };
		14AB45DB2D9680A600AEF07C /* UserDefaultManager.swift in Sources */ = {isa = PBXBuildFile; fileRef = 14AB45DA2D9680A600AEF07C /* UserDefaultManager.swift */; };
		14AB45DF2D9A3C3700AEF07C /* CustomHStackView.swift in Sources */ = {isa = PBXBuildFile; fileRef = 14AB45DE2D9A3C3700AEF07C /* CustomHStackView.swift */; };
		14AB45E12D9A3EA200AEF07C /* CustomUILabel.swift in Sources */ = {isa = PBXBuildFile; fileRef = 14AB45E02D9A3EA200AEF07C /* CustomUILabel.swift */; };
		14AB45E32D9A4F4500AEF07C /* CustomVStackView.swift in Sources */ = {isa = PBXBuildFile; fileRef = 14AB45E22D9A4F4500AEF07C /* CustomVStackView.swift */; };
/* End PBXBuildFile section */

/* Begin PBXFileReference section */
		14AB456D2D912AD000AEF07C /* HarryPotterLibrary.app */ = {isa = PBXFileReference; explicitFileType = wrapper.application; includeInIndex = 0; path = HarryPotterLibrary.app; sourceTree = BUILT_PRODUCTS_DIR; };
		14AB45A92D912FCC00AEF07C /* AppDelegate.swift */ = {isa = PBXFileReference; lastKnownFileType = sourcecode.swift; path = AppDelegate.swift; sourceTree = "<group>"; };
		14AB45AA2D912FCC00AEF07C /* Assets.xcassets */ = {isa = PBXFileReference; lastKnownFileType = folder.assetcatalog; path = Assets.xcassets; sourceTree = "<group>"; };
		14AB45AB2D912FCC00AEF07C /* data.json */ = {isa = PBXFileReference; lastKnownFileType = text.json; path = data.json; sourceTree = "<group>"; };
		14AB45AC2D912FCC00AEF07C /* Info.plist */ = {isa = PBXFileReference; lastKnownFileType = text.plist.xml; path = Info.plist; sourceTree = "<group>"; };
		14AB45AD2D912FCC00AEF07C /* Base */ = {isa = PBXFileReference; lastKnownFileType = file.storyboard; name = Base; path = Base.lproj/LaunchScreen.storyboard; sourceTree = "<group>"; };
		14AB45B12D912FCC00AEF07C /* SceneDelegate.swift */ = {isa = PBXFileReference; lastKnownFileType = sourcecode.swift; path = SceneDelegate.swift; sourceTree = "<group>"; };
		14AB45B22D912FCC00AEF07C /* ViewController.swift */ = {isa = PBXFileReference; lastKnownFileType = sourcecode.swift; path = ViewController.swift; sourceTree = "<group>"; };
		14AB45BF2D9140EF00AEF07C /* DataService.swift */ = {isa = PBXFileReference; lastKnownFileType = sourcecode.swift; path = DataService.swift; sourceTree = "<group>"; };
		14AB45C12D91427B00AEF07C /* Response.swift */ = {isa = PBXFileReference; lastKnownFileType = sourcecode.swift; path = Response.swift; sourceTree = "<group>"; };
		14AB45C32D91428A00AEF07C /* Error.swift */ = {isa = PBXFileReference; lastKnownFileType = sourcecode.swift; path = Error.swift; sourceTree = "<group>"; };
		14AB45CB2D93EEED00AEF07C /* Constants.swift */ = {isa = PBXFileReference; lastKnownFileType = sourcecode.swift; path = Constants.swift; sourceTree = "<group>"; };
		14AB45D82D953B7900AEF07C /* SeriesButton.swift */ = {isa = PBXFileReference; lastKnownFileType = sourcecode.swift; path = SeriesButton.swift; sourceTree = "<group>"; };
		14AB45DA2D9680A600AEF07C /* UserDefaultManager.swift */ = {isa = PBXFileReference; lastKnownFileType = sourcecode.swift; path = UserDefaultManager.swift; sourceTree = "<group>"; };
		14AB45DE2D9A3C3700AEF07C /* CustomHStackView.swift */ = {isa = PBXFileReference; lastKnownFileType = sourcecode.swift; path = CustomHStackView.swift; sourceTree = "<group>"; };
		14AB45E02D9A3EA200AEF07C /* CustomUILabel.swift */ = {isa = PBXFileReference; lastKnownFileType = sourcecode.swift; path = CustomUILabel.swift; sourceTree = "<group>"; };
		14AB45E22D9A4F4500AEF07C /* CustomVStackView.swift */ = {isa = PBXFileReference; lastKnownFileType = sourcecode.swift; path = CustomVStackView.swift; sourceTree = "<group>"; };
/* End PBXFileReference section */

/* Begin PBXFrameworksBuildPhase section */
		14AB456A2D912AD000AEF07C /* Frameworks */ = {
			isa = PBXFrameworksBuildPhase;
			buildActionMask = 2147483647;
			files = (
				14AB45BE2D91385A00AEF07C /* SnapKit in Frameworks */,
			);
			runOnlyForDeploymentPostprocessing = 0;
		};
/* End PBXFrameworksBuildPhase section */

/* Begin PBXGroup section */
		14AB45642D912AD000AEF07C = {
			isa = PBXGroup;
			children = (
				14AB45B32D912FCC00AEF07C /* HarryPotterLibrary */,
				14AB456E2D912AD000AEF07C /* Products */,
			);
			sourceTree = "<group>";
		};
		14AB456E2D912AD000AEF07C /* Products */ = {
			isa = PBXGroup;
			children = (
				14AB456D2D912AD000AEF07C /* HarryPotterLibrary.app */,
			);
			name = Products;
			sourceTree = "<group>";
		};
		14AB45B32D912FCC00AEF07C /* HarryPotterLibrary */ = {
			isa = PBXGroup;
			children = (
				14AB45D72D953B6D00AEF07C /* CustomView */,
				14AB45DA2D9680A600AEF07C /* UserDefaultManager.swift */,
				14AB45A92D912FCC00AEF07C /* AppDelegate.swift */,
				14AB45B12D912FCC00AEF07C /* SceneDelegate.swift */,
				14AB45B22D912FCC00AEF07C /* ViewController.swift */,
				14AB45BF2D9140EF00AEF07C /* DataService.swift */,
				14AB45C12D91427B00AEF07C /* Response.swift */,
				14AB45C32D91428A00AEF07C /* Error.swift */,
				14AB45CB2D93EEED00AEF07C /* Constants.swift */,
				14AB45AA2D912FCC00AEF07C /* Assets.xcassets */,
				14AB45AB2D912FCC00AEF07C /* data.json */,
				14AB45AC2D912FCC00AEF07C /* Info.plist */,
				14AB45AE2D912FCC00AEF07C /* LaunchScreen.storyboard */,
			);
			path = HarryPotterLibrary;
			sourceTree = "<group>";
		};
		14AB45D72D953B6D00AEF07C /* CustomView */ = {
			isa = PBXGroup;
			children = (
				14AB45D82D953B7900AEF07C /* SeriesButton.swift */,
				14AB45DE2D9A3C3700AEF07C /* CustomHStackView.swift */,
				14AB45E02D9A3EA200AEF07C /* CustomUILabel.swift */,
				14AB45E22D9A4F4500AEF07C /* CustomVStackView.swift */,
			);
			path = CustomView;
			sourceTree = "<group>";
		};
/* End PBXGroup section */

/* Begin PBXNativeTarget section */
		14AB456C2D912AD000AEF07C /* HarryPotterLibrary */ = {
			isa = PBXNativeTarget;
			buildConfigurationList = 14AB45802D912AD100AEF07C /* Build configuration list for PBXNativeTarget "HarryPotterLibrary" */;
			buildPhases = (
				14AB45692D912AD000AEF07C /* Sources */,
				14AB456A2D912AD000AEF07C /* Frameworks */,
				14AB456B2D912AD000AEF07C /* Resources */,
			);
			buildRules = (
			);
			dependencies = (
			);
			name = HarryPotterLibrary;
			packageProductDependencies = (
				14AB45BD2D91385A00AEF07C /* SnapKit */,
			);
			productName = HarryPortterLibrary;
			productReference = 14AB456D2D912AD000AEF07C /* HarryPotterLibrary.app */;
			productType = "com.apple.product-type.application";
		};
/* End PBXNativeTarget section */

/* Begin PBXProject section */
		14AB45652D912AD000AEF07C /* Project object */ = {
			isa = PBXProject;
			attributes = {
				BuildIndependentTargetsInParallel = 1;
				LastSwiftUpdateCheck = 1620;
				LastUpgradeCheck = 1620;
				TargetAttributes = {
					14AB456C2D912AD000AEF07C = {
						CreatedOnToolsVersion = 16.2;
					};
				};
			};
			buildConfigurationList = 14AB45682D912AD000AEF07C /* Build configuration list for PBXProject "HarryPotterLibrary" */;
			developmentRegion = en;
			hasScannedForEncodings = 0;
			knownRegions = (
				en,
				Base,
			);
			mainGroup = 14AB45642D912AD000AEF07C;
			minimizedProjectReferenceProxies = 1;
			packageReferences = (
				14AB45BC2D91385A00AEF07C /* XCRemoteSwiftPackageReference "SnapKit" */,
			);
			preferredProjectObjectVersion = 77;
			productRefGroup = 14AB456E2D912AD000AEF07C /* Products */;
			projectDirPath = "";
			projectRoot = "";
			targets = (
				14AB456C2D912AD000AEF07C /* HarryPotterLibrary */,
			);
		};
/* End PBXProject section */

/* Begin PBXResourcesBuildPhase section */
		14AB456B2D912AD000AEF07C /* Resources */ = {
			isa = PBXResourcesBuildPhase;
			buildActionMask = 2147483647;
			files = (
				14AB45B72D912FCC00AEF07C /* Assets.xcassets in Resources */,
				14AB45B82D912FCC00AEF07C /* data.json in Resources */,
				14AB45BA2D912FCC00AEF07C /* LaunchScreen.storyboard in Resources */,
			);
			runOnlyForDeploymentPostprocessing = 0;
		};
/* End PBXResourcesBuildPhase section */

/* Begin PBXSourcesBuildPhase section */
		14AB45692D912AD000AEF07C /* Sources */ = {
			isa = PBXSourcesBuildPhase;
			buildActionMask = 2147483647;
			files = (
				14AB45E12D9A3EA200AEF07C /* CustomUILabel.swift in Sources */,
				14AB45B42D912FCC00AEF07C /* AppDelegate.swift in Sources */,
				14AB45B52D912FCC00AEF07C /* SceneDelegate.swift in Sources */,
				14AB45B62D912FCC00AEF07C /* ViewController.swift in Sources */,
				14AB45C02D9140EF00AEF07C /* DataService.swift in Sources */,
				14AB45D92D953B7900AEF07C /* SeriesButton.swift in Sources */,
				14AB45CC2D93EEED00AEF07C /* Constants.swift in Sources */,
				14AB45E32D9A4F4500AEF07C /* CustomVStackView.swift in Sources */,
				14AB45DB2D9680A600AEF07C /* UserDefaultManager.swift in Sources */,
				14AB45C42D91428A00AEF07C /* Error.swift in Sources */,
				14AB45DF2D9A3C3700AEF07C /* CustomHStackView.swift in Sources */,
				14AB45C22D91427B00AEF07C /* Response.swift in Sources */,
			);
			runOnlyForDeploymentPostprocessing = 0;
		};
/* End PBXSourcesBuildPhase section */

/* Begin PBXVariantGroup section */
		14AB45AE2D912FCC00AEF07C /* LaunchScreen.storyboard */ = {
			isa = PBXVariantGroup;
			children = (
				14AB45AD2D912FCC00AEF07C /* Base */,
			);
			name = LaunchScreen.storyboard;
			sourceTree = "<group>";
		};
/* End PBXVariantGroup section */

/* Begin XCBuildConfiguration section */
		14AB45812D912AD100AEF07C /* Debug */ = {
			isa = XCBuildConfiguration;
			buildSettings = {
				ASSETCATALOG_COMPILER_APPICON_NAME = AppIcon;
				ASSETCATALOG_COMPILER_GLOBAL_ACCENT_COLOR_NAME = AccentColor;
				CODE_SIGN_STYLE = Automatic;
				CURRENT_PROJECT_VERSION = 1;
				DEVELOPMENT_TEAM = DD66GTY4AT;
				GENERATE_INFOPLIST_FILE = YES;
				INFOPLIST_FILE = HarryPotterLibrary/Info.plist;
				INFOPLIST_KEY_UIApplicationSupportsIndirectInputEvents = YES;
				INFOPLIST_KEY_UILaunchStoryboardName = LaunchScreen;
				INFOPLIST_KEY_UISupportedInterfaceOrientations_iPad = "UIInterfaceOrientationPortrait UIInterfaceOrientationPortraitUpsideDown UIInterfaceOrientationLandscapeLeft UIInterfaceOrientationLandscapeRight";
				INFOPLIST_KEY_UISupportedInterfaceOrientations_iPhone = "UIInterfaceOrientationPortrait UIInterfaceOrientationLandscapeLeft UIInterfaceOrientationLandscapeRight";
				IPHONEOS_DEPLOYMENT_TARGET = 16.0;
				LD_RUNPATH_SEARCH_PATHS = (
					"$(inherited)",
					"@executable_path/Frameworks",
				);
				MARKETING_VERSION = 1.0;
				PRODUCT_BUNDLE_IDENTIFIER = com.raehoon.HarryPotterLibrary;
				PRODUCT_NAME = "$(TARGET_NAME)";
				SUPPORTED_PLATFORMS = "iphoneos iphonesimulator";
				SUPPORTS_MACCATALYST = NO;
				SUPPORTS_MAC_DESIGNED_FOR_IPHONE_IPAD = NO;
				SUPPORTS_XR_DESIGNED_FOR_IPHONE_IPAD = NO;
				SWIFT_EMIT_LOC_STRINGS = YES;
				SWIFT_VERSION = 5.0;
				TARGETED_DEVICE_FAMILY = 1;
			};
			name = Debug;
		};
		14AB45822D912AD100AEF07C /* Release */ = {
			isa = XCBuildConfiguration;
			buildSettings = {
				ASSETCATALOG_COMPILER_APPICON_NAME = AppIcon;
				ASSETCATALOG_COMPILER_GLOBAL_ACCENT_COLOR_NAME = AccentColor;
				CODE_SIGN_STYLE = Automatic;
				CURRENT_PROJECT_VERSION = 1;
				DEVELOPMENT_TEAM = DD66GTY4AT;
				GENERATE_INFOPLIST_FILE = YES;
				INFOPLIST_FILE = HarryPotterLibrary/Info.plist;
				INFOPLIST_KEY_UIApplicationSupportsIndirectInputEvents = YES;
				INFOPLIST_KEY_UILaunchStoryboardName = LaunchScreen;
				INFOPLIST_KEY_UISupportedInterfaceOrientations_iPad = "UIInterfaceOrientationPortrait UIInterfaceOrientationPortraitUpsideDown UIInterfaceOrientationLandscapeLeft UIInterfaceOrientationLandscapeRight";
				INFOPLIST_KEY_UISupportedInterfaceOrientations_iPhone = "UIInterfaceOrientationPortrait UIInterfaceOrientationLandscapeLeft UIInterfaceOrientationLandscapeRight";
				IPHONEOS_DEPLOYMENT_TARGET = 16.0;
				LD_RUNPATH_SEARCH_PATHS = (
					"$(inherited)",
					"@executable_path/Frameworks",
				);
				MARKETING_VERSION = 1.0;
				PRODUCT_BUNDLE_IDENTIFIER = com.raehoon.HarryPotterLibrary;
				PRODUCT_NAME = "$(TARGET_NAME)";
				SUPPORTED_PLATFORMS = "iphoneos iphonesimulator";
				SUPPORTS_MACCATALYST = NO;
				SUPPORTS_MAC_DESIGNED_FOR_IPHONE_IPAD = NO;
				SUPPORTS_XR_DESIGNED_FOR_IPHONE_IPAD = NO;
				SWIFT_EMIT_LOC_STRINGS = YES;
				SWIFT_VERSION = 5.0;
				TARGETED_DEVICE_FAMILY = 1;
			};
			name = Release;
		};
		14AB45832D912AD100AEF07C /* Debug */ = {
			isa = XCBuildConfiguration;
			buildSettings = {
				ALWAYS_SEARCH_USER_PATHS = NO;
				ASSETCATALOG_COMPILER_GENERATE_SWIFT_ASSET_SYMBOL_EXTENSIONS = YES;
				CLANG_ANALYZER_NONNULL = YES;
				CLANG_ANALYZER_NUMBER_OBJECT_CONVERSION = YES_AGGRESSIVE;
				CLANG_CXX_LANGUAGE_STANDARD = "gnu++20";
				CLANG_ENABLE_MODULES = YES;
				CLANG_ENABLE_OBJC_ARC = YES;
				CLANG_ENABLE_OBJC_WEAK = YES;
				CLANG_WARN_BLOCK_CAPTURE_AUTORELEASING = YES;
				CLANG_WARN_BOOL_CONVERSION = YES;
				CLANG_WARN_COMMA = YES;
				CLANG_WARN_CONSTANT_CONVERSION = YES;
				CLANG_WARN_DEPRECATED_OBJC_IMPLEMENTATIONS = YES;
				CLANG_WARN_DIRECT_OBJC_ISA_USAGE = YES_ERROR;
				CLANG_WARN_DOCUMENTATION_COMMENTS = YES;
				CLANG_WARN_EMPTY_BODY = YES;
				CLANG_WARN_ENUM_CONVERSION = YES;
				CLANG_WARN_INFINITE_RECURSION = YES;
				CLANG_WARN_INT_CONVERSION = YES;
				CLANG_WARN_NON_LITERAL_NULL_CONVERSION = YES;
				CLANG_WARN_OBJC_IMPLICIT_RETAIN_SELF = YES;
				CLANG_WARN_OBJC_LITERAL_CONVERSION = YES;
				CLANG_WARN_OBJC_ROOT_CLASS = YES_ERROR;
				CLANG_WARN_QUOTED_INCLUDE_IN_FRAMEWORK_HEADER = YES;
				CLANG_WARN_RANGE_LOOP_ANALYSIS = YES;
				CLANG_WARN_STRICT_PROTOTYPES = YES;
				CLANG_WARN_SUSPICIOUS_MOVE = YES;
				CLANG_WARN_UNGUARDED_AVAILABILITY = YES_AGGRESSIVE;
				CLANG_WARN_UNREACHABLE_CODE = YES;
				CLANG_WARN__DUPLICATE_METHOD_MATCH = YES;
				COPY_PHASE_STRIP = NO;
				DEBUG_INFORMATION_FORMAT = dwarf;
				ENABLE_STRICT_OBJC_MSGSEND = YES;
				ENABLE_TESTABILITY = YES;
				ENABLE_USER_SCRIPT_SANDBOXING = YES;
				GCC_C_LANGUAGE_STANDARD = gnu17;
				GCC_DYNAMIC_NO_PIC = NO;
				GCC_NO_COMMON_BLOCKS = YES;
				GCC_OPTIMIZATION_LEVEL = 0;
				GCC_PREPROCESSOR_DEFINITIONS = (
					"DEBUG=1",
					"$(inherited)",
				);
				GCC_WARN_64_TO_32_BIT_CONVERSION = YES;
				GCC_WARN_ABOUT_RETURN_TYPE = YES_ERROR;
				GCC_WARN_UNDECLARED_SELECTOR = YES;
				GCC_WARN_UNINITIALIZED_AUTOS = YES_AGGRESSIVE;
				GCC_WARN_UNUSED_FUNCTION = YES;
				GCC_WARN_UNUSED_VARIABLE = YES;
				IPHONEOS_DEPLOYMENT_TARGET = 16.0;
				LOCALIZATION_PREFERS_STRING_CATALOGS = YES;
				MTL_ENABLE_DEBUG_INFO = INCLUDE_SOURCE;
				MTL_FAST_MATH = YES;
				ONLY_ACTIVE_ARCH = YES;
				SDKROOT = iphoneos;
				SWIFT_ACTIVE_COMPILATION_CONDITIONS = "DEBUG $(inherited)";
				SWIFT_OPTIMIZATION_LEVEL = "-Onone";
			};
			name = Debug;
		};
		14AB45842D912AD100AEF07C /* Release */ = {
			isa = XCBuildConfiguration;
			buildSettings = {
				ALWAYS_SEARCH_USER_PATHS = NO;
				ASSETCATALOG_COMPILER_GENERATE_SWIFT_ASSET_SYMBOL_EXTENSIONS = YES;
				CLANG_ANALYZER_NONNULL = YES;
				CLANG_ANALYZER_NUMBER_OBJECT_CONVERSION = YES_AGGRESSIVE;
				CLANG_CXX_LANGUAGE_STANDARD = "gnu++20";
				CLANG_ENABLE_MODULES = YES;
				CLANG_ENABLE_OBJC_ARC = YES;
				CLANG_ENABLE_OBJC_WEAK = YES;
				CLANG_WARN_BLOCK_CAPTURE_AUTORELEASING = YES;
				CLANG_WARN_BOOL_CONVERSION = YES;
				CLANG_WARN_COMMA = YES;
				CLANG_WARN_CONSTANT_CONVERSION = YES;
				CLANG_WARN_DEPRECATED_OBJC_IMPLEMENTATIONS = YES;
				CLANG_WARN_DIRECT_OBJC_ISA_USAGE = YES_ERROR;
				CLANG_WARN_DOCUMENTATION_COMMENTS = YES;
				CLANG_WARN_EMPTY_BODY = YES;
				CLANG_WARN_ENUM_CONVERSION = YES;
				CLANG_WARN_INFINITE_RECURSION = YES;
				CLANG_WARN_INT_CONVERSION = YES;
				CLANG_WARN_NON_LITERAL_NULL_CONVERSION = YES;
				CLANG_WARN_OBJC_IMPLICIT_RETAIN_SELF = YES;
				CLANG_WARN_OBJC_LITERAL_CONVERSION = YES;
				CLANG_WARN_OBJC_ROOT_CLASS = YES_ERROR;
				CLANG_WARN_QUOTED_INCLUDE_IN_FRAMEWORK_HEADER = YES;
				CLANG_WARN_RANGE_LOOP_ANALYSIS = YES;
				CLANG_WARN_STRICT_PROTOTYPES = YES;
				CLANG_WARN_SUSPICIOUS_MOVE = YES;
				CLANG_WARN_UNGUARDED_AVAILABILITY = YES_AGGRESSIVE;
				CLANG_WARN_UNREACHABLE_CODE = YES;
				CLANG_WARN__DUPLICATE_METHOD_MATCH = YES;
				COPY_PHASE_STRIP = NO;
				DEBUG_INFORMATION_FORMAT = "dwarf-with-dsym";
				ENABLE_NS_ASSERTIONS = NO;
				ENABLE_STRICT_OBJC_MSGSEND = YES;
				ENABLE_USER_SCRIPT_SANDBOXING = YES;
				GCC_C_LANGUAGE_STANDARD = gnu17;
				GCC_NO_COMMON_BLOCKS = YES;
				GCC_WARN_64_TO_32_BIT_CONVERSION = YES;
				GCC_WARN_ABOUT_RETURN_TYPE = YES_ERROR;
				GCC_WARN_UNDECLARED_SELECTOR = YES;
				GCC_WARN_UNINITIALIZED_AUTOS = YES_AGGRESSIVE;
				GCC_WARN_UNUSED_FUNCTION = YES;
				GCC_WARN_UNUSED_VARIABLE = YES;
				IPHONEOS_DEPLOYMENT_TARGET = 16.0;
				LOCALIZATION_PREFERS_STRING_CATALOGS = YES;
				MTL_ENABLE_DEBUG_INFO = NO;
				MTL_FAST_MATH = YES;
				SDKROOT = iphoneos;
				SWIFT_COMPILATION_MODE = wholemodule;
				VALIDATE_PRODUCT = YES;
			};
			name = Release;
		};
/* End XCBuildConfiguration section */

/* Begin XCConfigurationList section */
		14AB45682D912AD000AEF07C /* Build configuration list for PBXProject "HarryPotterLibrary" */ = {
			isa = XCConfigurationList;
			buildConfigurations = (
				14AB45832D912AD100AEF07C /* Debug */,
				14AB45842D912AD100AEF07C /* Release */,
			);
			defaultConfigurationIsVisible = 0;
			defaultConfigurationName = Release;
		};
		14AB45802D912AD100AEF07C /* Build configuration list for PBXNativeTarget "HarryPotterLibrary" */ = {
			isa = XCConfigurationList;
			buildConfigurations = (
				14AB45812D912AD100AEF07C /* Debug */,
				14AB45822D912AD100AEF07C /* Release */,
			);
			defaultConfigurationIsVisible = 0;
			defaultConfigurationName = Release;
		};
/* End XCConfigurationList section */

/* Begin XCRemoteSwiftPackageReference section */
		14AB45BC2D91385A00AEF07C /* XCRemoteSwiftPackageReference "SnapKit" */ = {
			isa = XCRemoteSwiftPackageReference;
			repositoryURL = "https://github.com/SnapKit/SnapKit.git";
			requirement = {
				kind = upToNextMajorVersion;
				minimumVersion = 5.7.1;
			};
		};
/* End XCRemoteSwiftPackageReference section */

/* Begin XCSwiftPackageProductDependency section */
		14AB45BD2D91385A00AEF07C /* SnapKit */ = {
			isa = XCSwiftPackageProductDependency;
			package = 14AB45BC2D91385A00AEF07C /* XCRemoteSwiftPackageReference "SnapKit" */;
			productName = SnapKit;
		};
/* End XCSwiftPackageProductDependency section */
	};
	rootObject = 14AB45652D912AD000AEF07C /* Project object */;
}
